// !$*UTF8*$!
{
	archiveVersion = 1;
	classes = {
	};
	objectVersion = 55;
	objects = {

/* Begin PBXBuildFile section */
		0D476EBD286222E600262974 /* AppDelegate.swift in Sources */ = {isa = PBXBuildFile; fileRef = 0D476EBC286222E600262974 /* AppDelegate.swift */; };
		0D476EBF286222E600262974 /* SceneDelegate.swift in Sources */ = {isa = PBXBuildFile; fileRef = 0D476EBE286222E600262974 /* SceneDelegate.swift */; };
		0D476EC1286222E600262974 /* ViewController.swift in Sources */ = {isa = PBXBuildFile; fileRef = 0D476EC0286222E600262974 /* ViewController.swift */; };
		0D476EC6286222E700262974 /* Assets.xcassets in Resources */ = {isa = PBXBuildFile; fileRef = 0D476EC5286222E700262974 /* Assets.xcassets */; };
		0D476EC9286222E700262974 /* LaunchScreen.storyboard in Resources */ = {isa = PBXBuildFile; fileRef = 0D476EC7286222E700262974 /* LaunchScreen.storyboard */; };
		0D476EDE286222E700262974 /* ShppingUITests.swift in Sources */ = {isa = PBXBuildFile; fileRef = 0D476EDD286222E700262974 /* ShppingUITests.swift */; };
		0D476EE0286222E700262974 /* ShppingUITestsLaunchTests.swift in Sources */ = {isa = PBXBuildFile; fileRef = 0D476EDF286222E700262974 /* ShppingUITestsLaunchTests.swift */; };
		0D476EFD2862B99700262974 /* ShopItem.swift in Sources */ = {isa = PBXBuildFile; fileRef = 0D476EFA2862B99700262974 /* ShopItem.swift */; };
		0D476EFE2862B99700262974 /* Order.swift in Sources */ = {isa = PBXBuildFile; fileRef = 0D476EFB2862B99700262974 /* Order.swift */; };
		0D476EFF2862B99700262974 /* ErrorInfo.swift in Sources */ = {isa = PBXBuildFile; fileRef = 0D476EFC2862B99700262974 /* ErrorInfo.swift */; };
		0D476F042862B9CC00262974 /* ShopItemTests.swift in Sources */ = {isa = PBXBuildFile; fileRef = 0D476F022862B9CC00262974 /* ShopItemTests.swift */; };
		0D476F052862B9CC00262974 /* OrderTests.swift in Sources */ = {isa = PBXBuildFile; fileRef = 0D476F032862B9CC00262974 /* OrderTests.swift */; };
		0D476F102862C14800262974 /* ProductListViewController.swift in Sources */ = {isa = PBXBuildFile; fileRef = 0D476F0F2862C14800262974 /* ProductListViewController.swift */; };
		0D476F122862C20200262974 /* extension+UITableView.swift in Sources */ = {isa = PBXBuildFile; fileRef = 0D476F112862C20200262974 /* extension+UITableView.swift */; };
		0D476F152862C2B700262974 /* ProductListCell.swift in Sources */ = {isa = PBXBuildFile; fileRef = 0D476F142862C2B700262974 /* ProductListCell.swift */; };
		0D476F172862FCB700262974 /* ProductDetailViewController.swift in Sources */ = {isa = PBXBuildFile; fileRef = 0D476F162862FCB700262974 /* ProductDetailViewController.swift */; };
		0D476F1928630E0600262974 /* ChartViewController.swift in Sources */ = {isa = PBXBuildFile; fileRef = 0D476F1828630E0600262974 /* ChartViewController.swift */; };
		0D476F1C2863168800262974 /* ChartTableViewCell.swift in Sources */ = {isa = PBXBuildFile; fileRef = 0D476F1B2863168800262974 /* ChartTableViewCell.swift */; };
		0D476F1E2863460B00262974 /* OrderCheckingViewController.swift in Sources */ = {isa = PBXBuildFile; fileRef = 0D476F1D2863460B00262974 /* OrderCheckingViewController.swift */; };
		0D476F2128634AFF00262974 /* OrderCheckingCell.swift in Sources */ = {isa = PBXBuildFile; fileRef = 0D476F2028634AFF00262974 /* OrderCheckingCell.swift */; };
		0D476F232863777000262974 /* HistoryOrderViewController.swift in Sources */ = {isa = PBXBuildFile; fileRef = 0D476F222863777000262974 /* HistoryOrderViewController.swift */; };
		0D476F26286378A700262974 /* HistoryOrderCell.swift in Sources */ = {isa = PBXBuildFile; fileRef = 0D476F25286378A700262974 /* HistoryOrderCell.swift */; };
		0D476F2828637D7300262974 /* ViewModelType.swift in Sources */ = {isa = PBXBuildFile; fileRef = 0D476F2728637D7300262974 /* ViewModelType.swift */; };
		0D476F2A28637E1500262974 /* ProductListViewModel.swift in Sources */ = {isa = PBXBuildFile; fileRef = 0D476F2928637E1500262974 /* ProductListViewModel.swift */; };
		0D476F2C2863819400262974 /* DateConvertable.swift in Sources */ = {isa = PBXBuildFile; fileRef = 0D476F2B2863819400262974 /* DateConvertable.swift */; };
		0D476F2E286381A700262974 /* RandomImageInfo.swift in Sources */ = {isa = PBXBuildFile; fileRef = 0D476F2D286381A700262974 /* RandomImageInfo.swift */; };
		0D476F302863835800262974 /* ProductCoordinator.swift in Sources */ = {isa = PBXBuildFile; fileRef = 0D476F2F2863835800262974 /* ProductCoordinator.swift */; };
		0D476F322863836D00262974 /* ProductListUseCase.swift in Sources */ = {isa = PBXBuildFile; fileRef = 0D476F312863836D00262974 /* ProductListUseCase.swift */; };
		0D476F34286383C700262974 /* ErrorTracker.swift in Sources */ = {isa = PBXBuildFile; fileRef = 0D476F33286383C700262974 /* ErrorTracker.swift */; };
		0D476F36286383DC00262974 /* HUDTracker.swift in Sources */ = {isa = PBXBuildFile; fileRef = 0D476F35286383DC00262974 /* HUDTracker.swift */; };
		0D476F382863840A00262974 /* Reactive+UIViewController.swift in Sources */ = {isa = PBXBuildFile; fileRef = 0D476F372863840A00262974 /* Reactive+UIViewController.swift */; };
		0D476F3A2863845500262974 /* ProductListViewModelTests.swift in Sources */ = {isa = PBXBuildFile; fileRef = 0D476F392863845500262974 /* ProductListViewModelTests.swift */; };
		0D476F3C286384A800262974 /* MockUseCase.swift in Sources */ = {isa = PBXBuildFile; fileRef = 0D476F3B286384A800262974 /* MockUseCase.swift */; };
		0D476F3E2864117700262974 /* MockCoordinator.swift in Sources */ = {isa = PBXBuildFile; fileRef = 0D476F3D2864117700262974 /* MockCoordinator.swift */; };
		0D476F41286422E500262974 /* Domain.swift in Sources */ = {isa = PBXBuildFile; fileRef = 0D476F40286422E500262974 /* Domain.swift */; };
		0D476F432864236900262974 /* NetworkService.swift in Sources */ = {isa = PBXBuildFile; fileRef = 0D476F422864236900262974 /* NetworkService.swift */; };
		0D476F462864256600262974 /* Endpoint.swift in Sources */ = {isa = PBXBuildFile; fileRef = 0D476F452864256600262974 /* Endpoint.swift */; };
		0D476F48286426A200262974 /* ProductListEndpoint.swift in Sources */ = {isa = PBXBuildFile; fileRef = 0D476F47286426A200262974 /* ProductListEndpoint.swift */; };
		0D476F4C286428AA00262974 /* Product_list.json in Resources */ = {isa = PBXBuildFile; fileRef = 0D476F4B286428AA00262974 /* Product_list.json */; };
		0D476F5028643ED600262974 /* IndicatorView.swift in Sources */ = {isa = PBXBuildFile; fileRef = 0D476F4F28643ED600262974 /* IndicatorView.swift */; };
		0D476F5228643EFD00262974 /* Reacitve+UIView.swift in Sources */ = {isa = PBXBuildFile; fileRef = 0D476F5128643EFD00262974 /* Reacitve+UIView.swift */; };
		0D476F5428643F3000262974 /* Jie.swift in Sources */ = {isa = PBXBuildFile; fileRef = 0D476F5328643F3000262974 /* Jie.swift */; };
		0D476F56286441C800262974 /* EmptyView.swift in Sources */ = {isa = PBXBuildFile; fileRef = 0D476F55286441C800262974 /* EmptyView.swift */; };
		0D476F582864567B00262974 /* Domain.ProductList.swift in Sources */ = {isa = PBXBuildFile; fileRef = 0D476F572864567B00262974 /* Domain.ProductList.swift */; };
		0D476F5C286456D900262974 /* ProductListUseCaseTests.swift in Sources */ = {isa = PBXBuildFile; fileRef = 0D476F5B286456D900262974 /* ProductListUseCaseTests.swift */; };
		0D476F5E2864570300262974 /* MockService.swift in Sources */ = {isa = PBXBuildFile; fileRef = 0D476F5D2864570300262974 /* MockService.swift */; };
		68B572AEF91307FFA123DE00 /* Pods_Shpping.framework in Frameworks */ = {isa = PBXBuildFile; fileRef = C483E819FEE5EB16195050EA /* Pods_Shpping.framework */; };
		D8DA05E9AFDB432E9C010AE4 /* Pods_ShppingTests.framework in Frameworks */ = {isa = PBXBuildFile; fileRef = 0801337710867C1E6115717B /* Pods_ShppingTests.framework */; };
		EB96052ACF78F8E6579EF70F /* Pods_Shpping_ShppingUITests.framework in Frameworks */ = {isa = PBXBuildFile; fileRef = 81E095D61A9CB735DA13534A /* Pods_Shpping_ShppingUITests.framework */; };
/* End PBXBuildFile section */

/* Begin PBXContainerItemProxy section */
		0D476ED0286222E700262974 /* PBXContainerItemProxy */ = {
			isa = PBXContainerItemProxy;
			containerPortal = 0D476EB1286222E600262974 /* Project object */;
			proxyType = 1;
			remoteGlobalIDString = 0D476EB8286222E600262974;
			remoteInfo = Shpping;
		};
		0D476EDA286222E700262974 /* PBXContainerItemProxy */ = {
			isa = PBXContainerItemProxy;
			containerPortal = 0D476EB1286222E600262974 /* Project object */;
			proxyType = 1;
			remoteGlobalIDString = 0D476EB8286222E600262974;
			remoteInfo = Shpping;
		};
/* End PBXContainerItemProxy section */

/* Begin PBXFileReference section */
		0801337710867C1E6115717B /* Pods_ShppingTests.framework */ = {isa = PBXFileReference; explicitFileType = wrapper.framework; includeInIndex = 0; path = Pods_ShppingTests.framework; sourceTree = BUILT_PRODUCTS_DIR; };
		0D476EB9286222E600262974 /* Shpping.app */ = {isa = PBXFileReference; explicitFileType = wrapper.application; includeInIndex = 0; path = Shpping.app; sourceTree = BUILT_PRODUCTS_DIR; };
		0D476EBC286222E600262974 /* AppDelegate.swift */ = {isa = PBXFileReference; lastKnownFileType = sourcecode.swift; path = AppDelegate.swift; sourceTree = "<group>"; };
		0D476EBE286222E600262974 /* SceneDelegate.swift */ = {isa = PBXFileReference; lastKnownFileType = sourcecode.swift; path = SceneDelegate.swift; sourceTree = "<group>"; };
		0D476EC0286222E600262974 /* ViewController.swift */ = {isa = PBXFileReference; lastKnownFileType = sourcecode.swift; path = ViewController.swift; sourceTree = "<group>"; };
		0D476EC5286222E700262974 /* Assets.xcassets */ = {isa = PBXFileReference; lastKnownFileType = folder.assetcatalog; path = Assets.xcassets; sourceTree = "<group>"; };
		0D476EC8286222E700262974 /* Base */ = {isa = PBXFileReference; lastKnownFileType = file.storyboard; name = Base; path = Base.lproj/LaunchScreen.storyboard; sourceTree = "<group>"; };
		0D476ECA286222E700262974 /* Info.plist */ = {isa = PBXFileReference; lastKnownFileType = text.plist.xml; path = Info.plist; sourceTree = "<group>"; };
		0D476ECF286222E700262974 /* ShppingTests.xctest */ = {isa = PBXFileReference; explicitFileType = wrapper.cfbundle; includeInIndex = 0; path = ShppingTests.xctest; sourceTree = BUILT_PRODUCTS_DIR; };
		0D476ED9286222E700262974 /* ShppingUITests.xctest */ = {isa = PBXFileReference; explicitFileType = wrapper.cfbundle; includeInIndex = 0; path = ShppingUITests.xctest; sourceTree = BUILT_PRODUCTS_DIR; };
		0D476EDD286222E700262974 /* ShppingUITests.swift */ = {isa = PBXFileReference; lastKnownFileType = sourcecode.swift; path = ShppingUITests.swift; sourceTree = "<group>"; };
		0D476EDF286222E700262974 /* ShppingUITestsLaunchTests.swift */ = {isa = PBXFileReference; lastKnownFileType = sourcecode.swift; path = ShppingUITestsLaunchTests.swift; sourceTree = "<group>"; };
		0D476EFA2862B99700262974 /* ShopItem.swift */ = {isa = PBXFileReference; fileEncoding = 4; lastKnownFileType = sourcecode.swift; path = ShopItem.swift; sourceTree = "<group>"; };
		0D476EFB2862B99700262974 /* Order.swift */ = {isa = PBXFileReference; fileEncoding = 4; lastKnownFileType = sourcecode.swift; path = Order.swift; sourceTree = "<group>"; };
		0D476EFC2862B99700262974 /* ErrorInfo.swift */ = {isa = PBXFileReference; fileEncoding = 4; lastKnownFileType = sourcecode.swift; path = ErrorInfo.swift; sourceTree = "<group>"; };
		0D476F022862B9CC00262974 /* ShopItemTests.swift */ = {isa = PBXFileReference; fileEncoding = 4; lastKnownFileType = sourcecode.swift; path = ShopItemTests.swift; sourceTree = "<group>"; };
		0D476F032862B9CC00262974 /* OrderTests.swift */ = {isa = PBXFileReference; fileEncoding = 4; lastKnownFileType = sourcecode.swift; path = OrderTests.swift; sourceTree = "<group>"; };
		0D476F0F2862C14800262974 /* ProductListViewController.swift */ = {isa = PBXFileReference; lastKnownFileType = sourcecode.swift; path = ProductListViewController.swift; sourceTree = "<group>"; };
		0D476F112862C20200262974 /* extension+UITableView.swift */ = {isa = PBXFileReference; fileEncoding = 4; lastKnownFileType = sourcecode.swift; path = "extension+UITableView.swift"; sourceTree = "<group>"; };
		0D476F142862C2B700262974 /* ProductListCell.swift */ = {isa = PBXFileReference; lastKnownFileType = sourcecode.swift; path = ProductListCell.swift; sourceTree = "<group>"; };
		0D476F162862FCB700262974 /* ProductDetailViewController.swift */ = {isa = PBXFileReference; lastKnownFileType = sourcecode.swift; path = ProductDetailViewController.swift; sourceTree = "<group>"; };
		0D476F1828630E0600262974 /* ChartViewController.swift */ = {isa = PBXFileReference; lastKnownFileType = sourcecode.swift; path = ChartViewController.swift; sourceTree = "<group>"; };
		0D476F1B2863168800262974 /* ChartTableViewCell.swift */ = {isa = PBXFileReference; lastKnownFileType = sourcecode.swift; path = ChartTableViewCell.swift; sourceTree = "<group>"; };
		0D476F1D2863460B00262974 /* OrderCheckingViewController.swift */ = {isa = PBXFileReference; lastKnownFileType = sourcecode.swift; path = OrderCheckingViewController.swift; sourceTree = "<group>"; };
		0D476F2028634AFF00262974 /* OrderCheckingCell.swift */ = {isa = PBXFileReference; lastKnownFileType = sourcecode.swift; path = OrderCheckingCell.swift; sourceTree = "<group>"; };
		0D476F222863777000262974 /* HistoryOrderViewController.swift */ = {isa = PBXFileReference; lastKnownFileType = sourcecode.swift; path = HistoryOrderViewController.swift; sourceTree = "<group>"; };
		0D476F25286378A700262974 /* HistoryOrderCell.swift */ = {isa = PBXFileReference; lastKnownFileType = sourcecode.swift; path = HistoryOrderCell.swift; sourceTree = "<group>"; };
		0D476F2728637D7300262974 /* ViewModelType.swift */ = {isa = PBXFileReference; lastKnownFileType = sourcecode.swift; path = ViewModelType.swift; sourceTree = "<group>"; };
		0D476F2928637E1500262974 /* ProductListViewModel.swift */ = {isa = PBXFileReference; lastKnownFileType = sourcecode.swift; path = ProductListViewModel.swift; sourceTree = "<group>"; };
		0D476F2B2863819400262974 /* DateConvertable.swift */ = {isa = PBXFileReference; lastKnownFileType = sourcecode.swift; path = DateConvertable.swift; sourceTree = "<group>"; };
		0D476F2D286381A700262974 /* RandomImageInfo.swift */ = {isa = PBXFileReference; lastKnownFileType = sourcecode.swift; path = RandomImageInfo.swift; sourceTree = "<group>"; };
		0D476F2F2863835800262974 /* ProductCoordinator.swift */ = {isa = PBXFileReference; lastKnownFileType = sourcecode.swift; path = ProductCoordinator.swift; sourceTree = "<group>"; };
		0D476F312863836D00262974 /* ProductListUseCase.swift */ = {isa = PBXFileReference; lastKnownFileType = sourcecode.swift; path = ProductListUseCase.swift; sourceTree = "<group>"; };
		0D476F33286383C700262974 /* ErrorTracker.swift */ = {isa = PBXFileReference; lastKnownFileType = sourcecode.swift; path = ErrorTracker.swift; sourceTree = "<group>"; };
		0D476F35286383DC00262974 /* HUDTracker.swift */ = {isa = PBXFileReference; lastKnownFileType = sourcecode.swift; path = HUDTracker.swift; sourceTree = "<group>"; };
		0D476F372863840A00262974 /* Reactive+UIViewController.swift */ = {isa = PBXFileReference; fileEncoding = 4; lastKnownFileType = sourcecode.swift; path = "Reactive+UIViewController.swift"; sourceTree = "<group>"; };
		0D476F392863845500262974 /* ProductListViewModelTests.swift */ = {isa = PBXFileReference; lastKnownFileType = sourcecode.swift; path = ProductListViewModelTests.swift; sourceTree = "<group>"; };
		0D476F3B286384A800262974 /* MockUseCase.swift */ = {isa = PBXFileReference; lastKnownFileType = sourcecode.swift; path = MockUseCase.swift; sourceTree = "<group>"; };
		0D476F3D2864117700262974 /* MockCoordinator.swift */ = {isa = PBXFileReference; lastKnownFileType = sourcecode.swift; path = MockCoordinator.swift; sourceTree = "<group>"; };
		0D476F40286422E500262974 /* Domain.swift */ = {isa = PBXFileReference; lastKnownFileType = sourcecode.swift; path = Domain.swift; sourceTree = "<group>"; };
		0D476F422864236900262974 /* NetworkService.swift */ = {isa = PBXFileReference; lastKnownFileType = sourcecode.swift; path = NetworkService.swift; sourceTree = "<group>"; };
		0D476F452864256600262974 /* Endpoint.swift */ = {isa = PBXFileReference; lastKnownFileType = sourcecode.swift; path = Endpoint.swift; sourceTree = "<group>"; };
		0D476F47286426A200262974 /* ProductListEndpoint.swift */ = {isa = PBXFileReference; lastKnownFileType = sourcecode.swift; path = ProductListEndpoint.swift; sourceTree = "<group>"; };
		0D476F4B286428AA00262974 /* Product_list.json */ = {isa = PBXFileReference; lastKnownFileType = text.json; path = Product_list.json; sourceTree = "<group>"; };
		0D476F4F28643ED600262974 /* IndicatorView.swift */ = {isa = PBXFileReference; lastKnownFileType = sourcecode.swift; path = IndicatorView.swift; sourceTree = "<group>"; };
		0D476F5128643EFD00262974 /* Reacitve+UIView.swift */ = {isa = PBXFileReference; lastKnownFileType = sourcecode.swift; path = "Reacitve+UIView.swift"; sourceTree = "<group>"; };
		0D476F5328643F3000262974 /* Jie.swift */ = {isa = PBXFileReference; lastKnownFileType = sourcecode.swift; path = Jie.swift; sourceTree = "<group>"; };
		0D476F55286441C800262974 /* EmptyView.swift */ = {isa = PBXFileReference; lastKnownFileType = sourcecode.swift; path = EmptyView.swift; sourceTree = "<group>"; };
		0D476F572864567B00262974 /* Domain.ProductList.swift */ = {isa = PBXFileReference; lastKnownFileType = sourcecode.swift; path = Domain.ProductList.swift; sourceTree = "<group>"; };
		0D476F5B286456D900262974 /* ProductListUseCaseTests.swift */ = {isa = PBXFileReference; lastKnownFileType = sourcecode.swift; path = ProductListUseCaseTests.swift; sourceTree = "<group>"; };
		0D476F5D2864570300262974 /* MockService.swift */ = {isa = PBXFileReference; lastKnownFileType = sourcecode.swift; path = MockService.swift; sourceTree = "<group>"; };
		167C8FD660DEC57BD2A9E826 /* Pods-Shpping.debug.xcconfig */ = {isa = PBXFileReference; includeInIndex = 1; lastKnownFileType = text.xcconfig; name = "Pods-Shpping.debug.xcconfig"; path = "Target Support Files/Pods-Shpping/Pods-Shpping.debug.xcconfig"; sourceTree = "<group>"; };
		58F3595715F69147EB36DA8D /* Pods-Shpping.release.xcconfig */ = {isa = PBXFileReference; includeInIndex = 1; lastKnownFileType = text.xcconfig; name = "Pods-Shpping.release.xcconfig"; path = "Target Support Files/Pods-Shpping/Pods-Shpping.release.xcconfig"; sourceTree = "<group>"; };
		72D47CD5EB359D92B8192C62 /* Pods-ShppingTests.debug.xcconfig */ = {isa = PBXFileReference; includeInIndex = 1; lastKnownFileType = text.xcconfig; name = "Pods-ShppingTests.debug.xcconfig"; path = "Target Support Files/Pods-ShppingTests/Pods-ShppingTests.debug.xcconfig"; sourceTree = "<group>"; };
		789165CCDCF3D8182F556E82 /* Pods-ShppingTests.release.xcconfig */ = {isa = PBXFileReference; includeInIndex = 1; lastKnownFileType = text.xcconfig; name = "Pods-ShppingTests.release.xcconfig"; path = "Target Support Files/Pods-ShppingTests/Pods-ShppingTests.release.xcconfig"; sourceTree = "<group>"; };
		80B4A74BC5B6F75349D57C97 /* Pods-Shpping-ShppingUITests.release.xcconfig */ = {isa = PBXFileReference; includeInIndex = 1; lastKnownFileType = text.xcconfig; name = "Pods-Shpping-ShppingUITests.release.xcconfig"; path = "Target Support Files/Pods-Shpping-ShppingUITests/Pods-Shpping-ShppingUITests.release.xcconfig"; sourceTree = "<group>"; };
		81E095D61A9CB735DA13534A /* Pods_Shpping_ShppingUITests.framework */ = {isa = PBXFileReference; explicitFileType = wrapper.framework; includeInIndex = 0; path = Pods_Shpping_ShppingUITests.framework; sourceTree = BUILT_PRODUCTS_DIR; };
		C483E819FEE5EB16195050EA /* Pods_Shpping.framework */ = {isa = PBXFileReference; explicitFileType = wrapper.framework; includeInIndex = 0; path = Pods_Shpping.framework; sourceTree = BUILT_PRODUCTS_DIR; };
		E487F4DCDE9090355C8217FF /* Pods-Shpping-ShppingUITests.debug.xcconfig */ = {isa = PBXFileReference; includeInIndex = 1; lastKnownFileType = text.xcconfig; name = "Pods-Shpping-ShppingUITests.debug.xcconfig"; path = "Target Support Files/Pods-Shpping-ShppingUITests/Pods-Shpping-ShppingUITests.debug.xcconfig"; sourceTree = "<group>"; };
/* End PBXFileReference section */

/* Begin PBXFrameworksBuildPhase section */
		0D476EB6286222E600262974 /* Frameworks */ = {
			isa = PBXFrameworksBuildPhase;
			buildActionMask = 2147483647;
			files = (
				68B572AEF91307FFA123DE00 /* Pods_Shpping.framework in Frameworks */,
			);
			runOnlyForDeploymentPostprocessing = 0;
		};
		0D476ECC286222E700262974 /* Frameworks */ = {
			isa = PBXFrameworksBuildPhase;
			buildActionMask = 2147483647;
			files = (
				D8DA05E9AFDB432E9C010AE4 /* Pods_ShppingTests.framework in Frameworks */,
			);
			runOnlyForDeploymentPostprocessing = 0;
		};
		0D476ED6286222E700262974 /* Frameworks */ = {
			isa = PBXFrameworksBuildPhase;
			buildActionMask = 2147483647;
			files = (
				EB96052ACF78F8E6579EF70F /* Pods_Shpping_ShppingUITests.framework in Frameworks */,
			);
			runOnlyForDeploymentPostprocessing = 0;
		};
/* End PBXFrameworksBuildPhase section */

/* Begin PBXGroup section */
		0D476EB0286222E600262974 = {
			isa = PBXGroup;
			children = (
				0D476EBB286222E600262974 /* Shpping */,
				0D476ED2286222E700262974 /* ShppingTests */,
				0D476EDC286222E700262974 /* ShppingUITests */,
				0D476EBA286222E600262974 /* Products */,
				E6B0CD90B2553C5CCA589698 /* Pods */,
				F0FD473412A3130FE12811C6 /* Frameworks */,
			);
			sourceTree = "<group>";
		};
		0D476EBA286222E600262974 /* Products */ = {
			isa = PBXGroup;
			children = (
				0D476EB9286222E600262974 /* Shpping.app */,
				0D476ECF286222E700262974 /* ShppingTests.xctest */,
				0D476ED9286222E700262974 /* ShppingUITests.xctest */,
			);
			name = Products;
			sourceTree = "<group>";
		};
		0D476EBB286222E600262974 /* Shpping */ = {
			isa = PBXGroup;
			children = (
				0D476EF62862B6F700262974 /* Domain */,
				0D476EF02862B50F00262974 /* View */,
				0D476EBC286222E600262974 /* AppDelegate.swift */,
				0D476EBE286222E600262974 /* SceneDelegate.swift */,
				0D476F35286383DC00262974 /* HUDTracker.swift */,
				0D476F33286383C700262974 /* ErrorTracker.swift */,
				0D476F2728637D7300262974 /* ViewModelType.swift */,
				0D476EC0286222E600262974 /* ViewController.swift */,
				0D476EF92862B71800262974 /* Extension */,
				0D476EC5286222E700262974 /* Assets.xcassets */,
				0D476EC7286222E700262974 /* LaunchScreen.storyboard */,
				0D476ECA286222E700262974 /* Info.plist */,
				0D476F4B286428AA00262974 /* Product_list.json */,
			);
			path = Shpping;
			sourceTree = "<group>";
		};
		0D476ED2286222E700262974 /* ShppingTests */ = {
			isa = PBXGroup;
			children = (
				0D476F3B286384A800262974 /* MockUseCase.swift */,
				0D476F3D2864117700262974 /* MockCoordinator.swift */,
				0D476F5D2864570300262974 /* MockService.swift */,
				0D476F5A286456B900262974 /* UseCaseTests */,
				0D476F59286456AE00262974 /* ViewModelTests */,
				0D476F062862B9D100262974 /* EntityTests */,
			);
			path = ShppingTests;
			sourceTree = "<group>";
		};
		0D476EDC286222E700262974 /* ShppingUITests */ = {
			isa = PBXGroup;
			children = (
				0D476EDD286222E700262974 /* ShppingUITests.swift */,
				0D476EDF286222E700262974 /* ShppingUITestsLaunchTests.swift */,
			);
			path = ShppingUITests;
			sourceTree = "<group>";
		};
		0D476EF02862B50F00262974 /* View */ = {
			isa = PBXGroup;
			children = (
				0D476EF52862B6EE00262974 /* HistoryOrder */,
				0D476EF42862B6E700262974 /* OrderChecking */,
				0D476EF32862B6DB00262974 /* Chart */,
				0D476EF22862B6D200262974 /* ProductDetail */,
				0D476EF12862B6C900262974 /* ProductList */,
				0D476F4F28643ED600262974 /* IndicatorView.swift */,
				0D476F55286441C800262974 /* EmptyView.swift */,
			);
			path = View;
			sourceTree = "<group>";
		};
		0D476EF12862B6C900262974 /* ProductList */ = {
			isa = PBXGroup;
			children = (
				0D476F132862C2A700262974 /* Componet */,
				0D476F0F2862C14800262974 /* ProductListViewController.swift */,
				0D476F2F2863835800262974 /* ProductCoordinator.swift */,
				0D476F2928637E1500262974 /* ProductListViewModel.swift */,
			);
			path = ProductList;
			sourceTree = "<group>";
		};
		0D476EF22862B6D200262974 /* ProductDetail */ = {
			isa = PBXGroup;
			children = (
				0D476F162862FCB700262974 /* ProductDetailViewController.swift */,
			);
			path = ProductDetail;
			sourceTree = "<group>";
		};
		0D476EF32862B6DB00262974 /* Chart */ = {
			isa = PBXGroup;
			children = (
				0D476F1A2863163800262974 /* Component */,
				0D476F1828630E0600262974 /* ChartViewController.swift */,
			);
			path = Chart;
			sourceTree = "<group>";
		};
		0D476EF42862B6E700262974 /* OrderChecking */ = {
			isa = PBXGroup;
			children = (
				0D476F1F28634AF300262974 /* Component */,
				0D476F1D2863460B00262974 /* OrderCheckingViewController.swift */,
			);
			path = OrderChecking;
			sourceTree = "<group>";
		};
		0D476EF52862B6EE00262974 /* HistoryOrder */ = {
			isa = PBXGroup;
			children = (
				0D476F242863789900262974 /* Component */,
				0D476F222863777000262974 /* HistoryOrderViewController.swift */,
			);
			path = HistoryOrder;
			sourceTree = "<group>";
		};
		0D476EF62862B6F700262974 /* Domain */ = {
			isa = PBXGroup;
			children = (
				0D476EF82862B70D00262974 /* UseCase */,
				0D476EF72862B70400262974 /* Entity */,
			);
			path = Domain;
			sourceTree = "<group>";
		};
		0D476EF72862B70400262974 /* Entity */ = {
			isa = PBXGroup;
			children = (
				0D476F012862B9B000262974 /* Service */,
				0D476F002862B9AA00262974 /* Model */,
			);
			path = Entity;
			sourceTree = "<group>";
		};
		0D476EF82862B70D00262974 /* UseCase */ = {
			isa = PBXGroup;
			children = (
				0D476F3F286422D100262974 /* Implement */,
				0D476F312863836D00262974 /* ProductListUseCase.swift */,
			);
			path = UseCase;
			sourceTree = "<group>";
		};
		0D476EF92862B71800262974 /* Extension */ = {
			isa = PBXGroup;
			children = (
				0D476F372863840A00262974 /* Reactive+UIViewController.swift */,
				0D476F112862C20200262974 /* extension+UITableView.swift */,
				0D476F5128643EFD00262974 /* Reacitve+UIView.swift */,
			);
			path = Extension;
			sourceTree = "<group>";
		};
		0D476F002862B9AA00262974 /* Model */ = {
			isa = PBXGroup;
			children = (
				0D476EFC2862B99700262974 /* ErrorInfo.swift */,
				0D476EFB2862B99700262974 /* Order.swift */,
				0D476F5328643F3000262974 /* Jie.swift */,
				0D476F2D286381A700262974 /* RandomImageInfo.swift */,
				0D476F2B2863819400262974 /* DateConvertable.swift */,
				0D476EFA2862B99700262974 /* ShopItem.swift */,
			);
			path = Model;
			sourceTree = "<group>";
		};
		0D476F012862B9B000262974 /* Service */ = {
			isa = PBXGroup;
			children = (
				0D476F442864238D00262974 /* Network */,
			);
			path = Service;
			sourceTree = "<group>";
		};
		0D476F062862B9D100262974 /* EntityTests */ = {
			isa = PBXGroup;
			children = (
				0D476F032862B9CC00262974 /* OrderTests.swift */,
				0D476F022862B9CC00262974 /* ShopItemTests.swift */,
			);
			path = EntityTests;
			sourceTree = "<group>";
		};
		0D476F132862C2A700262974 /* Componet */ = {
			isa = PBXGroup;
			children = (
				0D476F142862C2B700262974 /* ProductListCell.swift */,
			);
			path = Componet;
			sourceTree = "<group>";
		};
		0D476F1A2863163800262974 /* Component */ = {
			isa = PBXGroup;
			children = (
				0D476F1B2863168800262974 /* ChartTableViewCell.swift */,
			);
			path = Component;
			sourceTree = "<group>";
		};
		0D476F1F28634AF300262974 /* Component */ = {
			isa = PBXGroup;
			children = (
				0D476F2028634AFF00262974 /* OrderCheckingCell.swift */,
			);
			name = Component;
			sourceTree = "<group>";
		};
		0D476F242863789900262974 /* Component */ = {
			isa = PBXGroup;
			children = (
				0D476F25286378A700262974 /* HistoryOrderCell.swift */,
			);
			path = Component;
			sourceTree = "<group>";
		};
		0D476F3F286422D100262974 /* Implement */ = {
			isa = PBXGroup;
			children = (
				0D476F40286422E500262974 /* Domain.swift */,
				0D476F572864567B00262974 /* Domain.ProductList.swift */,
			);
			path = Implement;
			sourceTree = "<group>";
		};
		0D476F442864238D00262974 /* Network */ = {
			isa = PBXGroup;
			children = (
				0D476F422864236900262974 /* NetworkService.swift */,
				0D476F452864256600262974 /* Endpoint.swift */,
				0D476F47286426A200262974 /* ProductListEndpoint.swift */,
			);
			path = Network;
			sourceTree = "<group>";
		};
		0D476F59286456AE00262974 /* ViewModelTests */ = {
			isa = PBXGroup;
			children = (
				0D476F392863845500262974 /* ProductListViewModelTests.swift */,
			);
			path = ViewModelTests;
			sourceTree = "<group>";
		};
		0D476F5A286456B900262974 /* UseCaseTests */ = {
			isa = PBXGroup;
			children = (
				0D476F5B286456D900262974 /* ProductListUseCaseTests.swift */,
			);
			path = UseCaseTests;
			sourceTree = "<group>";
		};
		E6B0CD90B2553C5CCA589698 /* Pods */ = {
			isa = PBXGroup;
			children = (
				167C8FD660DEC57BD2A9E826 /* Pods-Shpping.debug.xcconfig */,
				58F3595715F69147EB36DA8D /* Pods-Shpping.release.xcconfig */,
				E487F4DCDE9090355C8217FF /* Pods-Shpping-ShppingUITests.debug.xcconfig */,
				80B4A74BC5B6F75349D57C97 /* Pods-Shpping-ShppingUITests.release.xcconfig */,
				72D47CD5EB359D92B8192C62 /* Pods-ShppingTests.debug.xcconfig */,
				789165CCDCF3D8182F556E82 /* Pods-ShppingTests.release.xcconfig */,
			);
			path = Pods;
			sourceTree = "<group>";
		};
		F0FD473412A3130FE12811C6 /* Frameworks */ = {
			isa = PBXGroup;
			children = (
				C483E819FEE5EB16195050EA /* Pods_Shpping.framework */,
				81E095D61A9CB735DA13534A /* Pods_Shpping_ShppingUITests.framework */,
				0801337710867C1E6115717B /* Pods_ShppingTests.framework */,
			);
			name = Frameworks;
			sourceTree = "<group>";
		};
/* End PBXGroup section */

/* Begin PBXNativeTarget section */
		0D476EB8286222E600262974 /* Shpping */ = {
			isa = PBXNativeTarget;
			buildConfigurationList = 0D476EE3286222E700262974 /* Build configuration list for PBXNativeTarget "Shpping" */;
			buildPhases = (
				3FEEA9A775D9D5F23396328C /* [CP] Check Pods Manifest.lock */,
				0D476EB5286222E600262974 /* Sources */,
				0D476EB6286222E600262974 /* Frameworks */,
				0D476EB7286222E600262974 /* Resources */,
				68D8BCC5DB26A8070AFD0088 /* [CP] Embed Pods Frameworks */,
			);
			buildRules = (
			);
			dependencies = (
			);
			name = Shpping;
			productName = Shpping;
			productReference = 0D476EB9286222E600262974 /* Shpping.app */;
			productType = "com.apple.product-type.application";
		};
		0D476ECE286222E700262974 /* ShppingTests */ = {
			isa = PBXNativeTarget;
			buildConfigurationList = 0D476EE6286222E700262974 /* Build configuration list for PBXNativeTarget "ShppingTests" */;
			buildPhases = (
				16CA53C3E98CED375B1E6392 /* [CP] Check Pods Manifest.lock */,
				0D476ECB286222E700262974 /* Sources */,
				0D476ECC286222E700262974 /* Frameworks */,
				0D476ECD286222E700262974 /* Resources */,
				F9CFE2A5F9B86AEE5B86E215 /* [CP] Embed Pods Frameworks */,
			);
			buildRules = (
			);
			dependencies = (
				0D476ED1286222E700262974 /* PBXTargetDependency */,
			);
			name = ShppingTests;
			productName = ShppingTests;
			productReference = 0D476ECF286222E700262974 /* ShppingTests.xctest */;
			productType = "com.apple.product-type.bundle.unit-test";
		};
		0D476ED8286222E700262974 /* ShppingUITests */ = {
			isa = PBXNativeTarget;
			buildConfigurationList = 0D476EE9286222E700262974 /* Build configuration list for PBXNativeTarget "ShppingUITests" */;
			buildPhases = (
				CD88E23DBAAD87B4FE1128CE /* [CP] Check Pods Manifest.lock */,
				0D476ED5286222E700262974 /* Sources */,
				0D476ED6286222E700262974 /* Frameworks */,
				0D476ED7286222E700262974 /* Resources */,
				F5D09EC18EBB32F5A3E0A47E /* [CP] Embed Pods Frameworks */,
			);
			buildRules = (
			);
			dependencies = (
				0D476EDB286222E700262974 /* PBXTargetDependency */,
			);
			name = ShppingUITests;
			productName = ShppingUITests;
			productReference = 0D476ED9286222E700262974 /* ShppingUITests.xctest */;
			productType = "com.apple.product-type.bundle.ui-testing";
		};
/* End PBXNativeTarget section */

/* Begin PBXProject section */
		0D476EB1286222E600262974 /* Project object */ = {
			isa = PBXProject;
			attributes = {
				BuildIndependentTargetsInParallel = 1;
				LastSwiftUpdateCheck = 1320;
				LastUpgradeCheck = 1320;
				TargetAttributes = {
					0D476EB8286222E600262974 = {
						CreatedOnToolsVersion = 13.2;
					};
					0D476ECE286222E700262974 = {
						CreatedOnToolsVersion = 13.2;
						TestTargetID = 0D476EB8286222E600262974;
					};
					0D476ED8286222E700262974 = {
						CreatedOnToolsVersion = 13.2;
						TestTargetID = 0D476EB8286222E600262974;
					};
				};
			};
			buildConfigurationList = 0D476EB4286222E600262974 /* Build configuration list for PBXProject "Shpping" */;
			compatibilityVersion = "Xcode 13.0";
			developmentRegion = en;
			hasScannedForEncodings = 0;
			knownRegions = (
				en,
				Base,
			);
			mainGroup = 0D476EB0286222E600262974;
			productRefGroup = 0D476EBA286222E600262974 /* Products */;
			projectDirPath = "";
			projectRoot = "";
			targets = (
				0D476EB8286222E600262974 /* Shpping */,
				0D476ECE286222E700262974 /* ShppingTests */,
				0D476ED8286222E700262974 /* ShppingUITests */,
			);
		};
/* End PBXProject section */

/* Begin PBXResourcesBuildPhase section */
		0D476EB7286222E600262974 /* Resources */ = {
			isa = PBXResourcesBuildPhase;
			buildActionMask = 2147483647;
			files = (
				0D476EC9286222E700262974 /* LaunchScreen.storyboard in Resources */,
				0D476F4C286428AA00262974 /* Product_list.json in Resources */,
				0D476EC6286222E700262974 /* Assets.xcassets in Resources */,
			);
			runOnlyForDeploymentPostprocessing = 0;
		};
		0D476ECD286222E700262974 /* Resources */ = {
			isa = PBXResourcesBuildPhase;
			buildActionMask = 2147483647;
			files = (
			);
			runOnlyForDeploymentPostprocessing = 0;
		};
		0D476ED7286222E700262974 /* Resources */ = {
			isa = PBXResourcesBuildPhase;
			buildActionMask = 2147483647;
			files = (
			);
			runOnlyForDeploymentPostprocessing = 0;
		};
/* End PBXResourcesBuildPhase section */

/* Begin PBXShellScriptBuildPhase section */
		16CA53C3E98CED375B1E6392 /* [CP] Check Pods Manifest.lock */ = {
			isa = PBXShellScriptBuildPhase;
			buildActionMask = 2147483647;
			files = (
			);
			inputFileListPaths = (
			);
			inputPaths = (
				"${PODS_PODFILE_DIR_PATH}/Podfile.lock",
				"${PODS_ROOT}/Manifest.lock",
			);
			name = "[CP] Check Pods Manifest.lock";
			outputFileListPaths = (
			);
			outputPaths = (
				"$(DERIVED_FILE_DIR)/Pods-ShppingTests-checkManifestLockResult.txt",
			);
			runOnlyForDeploymentPostprocessing = 0;
			shellPath = /bin/sh;
			shellScript = "diff \"${PODS_PODFILE_DIR_PATH}/Podfile.lock\" \"${PODS_ROOT}/Manifest.lock\" > /dev/null\nif [ $? != 0 ] ; then\n    # print error to STDERR\n    echo \"error: The sandbox is not in sync with the Podfile.lock. Run 'pod install' or update your CocoaPods installation.\" >&2\n    exit 1\nfi\n# This output is used by Xcode 'outputs' to avoid re-running this script phase.\necho \"SUCCESS\" > \"${SCRIPT_OUTPUT_FILE_0}\"\n";
			showEnvVarsInLog = 0;
		};
		3FEEA9A775D9D5F23396328C /* [CP] Check Pods Manifest.lock */ = {
			isa = PBXShellScriptBuildPhase;
			buildActionMask = 2147483647;
			files = (
			);
			inputFileListPaths = (
			);
			inputPaths = (
				"${PODS_PODFILE_DIR_PATH}/Podfile.lock",
				"${PODS_ROOT}/Manifest.lock",
			);
			name = "[CP] Check Pods Manifest.lock";
			outputFileListPaths = (
			);
			outputPaths = (
				"$(DERIVED_FILE_DIR)/Pods-Shpping-checkManifestLockResult.txt",
			);
			runOnlyForDeploymentPostprocessing = 0;
			shellPath = /bin/sh;
			shellScript = "diff \"${PODS_PODFILE_DIR_PATH}/Podfile.lock\" \"${PODS_ROOT}/Manifest.lock\" > /dev/null\nif [ $? != 0 ] ; then\n    # print error to STDERR\n    echo \"error: The sandbox is not in sync with the Podfile.lock. Run 'pod install' or update your CocoaPods installation.\" >&2\n    exit 1\nfi\n# This output is used by Xcode 'outputs' to avoid re-running this script phase.\necho \"SUCCESS\" > \"${SCRIPT_OUTPUT_FILE_0}\"\n";
			showEnvVarsInLog = 0;
		};
		68D8BCC5DB26A8070AFD0088 /* [CP] Embed Pods Frameworks */ = {
			isa = PBXShellScriptBuildPhase;
			buildActionMask = 2147483647;
			files = (
			);
			inputFileListPaths = (
				"${PODS_ROOT}/Target Support Files/Pods-Shpping/Pods-Shpping-frameworks-${CONFIGURATION}-input-files.xcfilelist",
			);
			name = "[CP] Embed Pods Frameworks";
			outputFileListPaths = (
				"${PODS_ROOT}/Target Support Files/Pods-Shpping/Pods-Shpping-frameworks-${CONFIGURATION}-output-files.xcfilelist",
			);
			runOnlyForDeploymentPostprocessing = 0;
			shellPath = /bin/sh;
			shellScript = "\"${PODS_ROOT}/Target Support Files/Pods-Shpping/Pods-Shpping-frameworks.sh\"\n";
			showEnvVarsInLog = 0;
		};
		CD88E23DBAAD87B4FE1128CE /* [CP] Check Pods Manifest.lock */ = {
			isa = PBXShellScriptBuildPhase;
			buildActionMask = 2147483647;
			files = (
			);
			inputFileListPaths = (
			);
			inputPaths = (
				"${PODS_PODFILE_DIR_PATH}/Podfile.lock",
				"${PODS_ROOT}/Manifest.lock",
			);
			name = "[CP] Check Pods Manifest.lock";
			outputFileListPaths = (
			);
			outputPaths = (
				"$(DERIVED_FILE_DIR)/Pods-Shpping-ShppingUITests-checkManifestLockResult.txt",
			);
			runOnlyForDeploymentPostprocessing = 0;
			shellPath = /bin/sh;
			shellScript = "diff \"${PODS_PODFILE_DIR_PATH}/Podfile.lock\" \"${PODS_ROOT}/Manifest.lock\" > /dev/null\nif [ $? != 0 ] ; then\n    # print error to STDERR\n    echo \"error: The sandbox is not in sync with the Podfile.lock. Run 'pod install' or update your CocoaPods installation.\" >&2\n    exit 1\nfi\n# This output is used by Xcode 'outputs' to avoid re-running this script phase.\necho \"SUCCESS\" > \"${SCRIPT_OUTPUT_FILE_0}\"\n";
			showEnvVarsInLog = 0;
		};
		F5D09EC18EBB32F5A3E0A47E /* [CP] Embed Pods Frameworks */ = {
			isa = PBXShellScriptBuildPhase;
			buildActionMask = 2147483647;
			files = (
			);
			inputFileListPaths = (
				"${PODS_ROOT}/Target Support Files/Pods-Shpping-ShppingUITests/Pods-Shpping-ShppingUITests-frameworks-${CONFIGURATION}-input-files.xcfilelist",
			);
			name = "[CP] Embed Pods Frameworks";
			outputFileListPaths = (
				"${PODS_ROOT}/Target Support Files/Pods-Shpping-ShppingUITests/Pods-Shpping-ShppingUITests-frameworks-${CONFIGURATION}-output-files.xcfilelist",
			);
			runOnlyForDeploymentPostprocessing = 0;
			shellPath = /bin/sh;
			shellScript = "\"${PODS_ROOT}/Target Support Files/Pods-Shpping-ShppingUITests/Pods-Shpping-ShppingUITests-frameworks.sh\"\n";
			showEnvVarsInLog = 0;
		};
		F9CFE2A5F9B86AEE5B86E215 /* [CP] Embed Pods Frameworks */ = {
			isa = PBXShellScriptBuildPhase;
			buildActionMask = 2147483647;
			files = (
			);
			inputFileListPaths = (
				"${PODS_ROOT}/Target Support Files/Pods-ShppingTests/Pods-ShppingTests-frameworks-${CONFIGURATION}-input-files.xcfilelist",
			);
			name = "[CP] Embed Pods Frameworks";
			outputFileListPaths = (
				"${PODS_ROOT}/Target Support Files/Pods-ShppingTests/Pods-ShppingTests-frameworks-${CONFIGURATION}-output-files.xcfilelist",
			);
			runOnlyForDeploymentPostprocessing = 0;
			shellPath = /bin/sh;
			shellScript = "\"${PODS_ROOT}/Target Support Files/Pods-ShppingTests/Pods-ShppingTests-frameworks.sh\"\n";
			showEnvVarsInLog = 0;
		};
/* End PBXShellScriptBuildPhase section */

/* Begin PBXSourcesBuildPhase section */
		0D476EB5286222E600262974 /* Sources */ = {
			isa = PBXSourcesBuildPhase;
			buildActionMask = 2147483647;
			files = (
				0D476F1C2863168800262974 /* ChartTableViewCell.swift in Sources */,
				0D476F322863836D00262974 /* ProductListUseCase.swift in Sources */,
				0D476EC1286222E600262974 /* ViewController.swift in Sources */,
				0D476F2C2863819400262974 /* DateConvertable.swift in Sources */,
				0D476F5028643ED600262974 /* IndicatorView.swift in Sources */,
				0D476F232863777000262974 /* HistoryOrderViewController.swift in Sources */,
				0D476F2E286381A700262974 /* RandomImageInfo.swift in Sources */,
				0D476EBD286222E600262974 /* AppDelegate.swift in Sources */,
				0D476F102862C14800262974 /* ProductListViewController.swift in Sources */,
				0D476F36286383DC00262974 /* HUDTracker.swift in Sources */,
				0D476EFE2862B99700262974 /* Order.swift in Sources */,
				0D476F1E2863460B00262974 /* OrderCheckingViewController.swift in Sources */,
				0D476F41286422E500262974 /* Domain.swift in Sources */,
				0D476F56286441C800262974 /* EmptyView.swift in Sources */,
				0D476F5228643EFD00262974 /* Reacitve+UIView.swift in Sources */,
				0D476EFD2862B99700262974 /* ShopItem.swift in Sources */,
				0D476F432864236900262974 /* NetworkService.swift in Sources */,
				0D476F462864256600262974 /* Endpoint.swift in Sources */,
				0D476F152862C2B700262974 /* ProductListCell.swift in Sources */,
				0D476F48286426A200262974 /* ProductListEndpoint.swift in Sources */,
				0D476F34286383C700262974 /* ErrorTracker.swift in Sources */,
				0D476F2128634AFF00262974 /* OrderCheckingCell.swift in Sources */,
				0D476F2828637D7300262974 /* ViewModelType.swift in Sources */,
				0D476EFF2862B99700262974 /* ErrorInfo.swift in Sources */,
				0D476F582864567B00262974 /* Domain.ProductList.swift in Sources */,
				0D476F172862FCB700262974 /* ProductDetailViewController.swift in Sources */,
				0D476EBF286222E600262974 /* SceneDelegate.swift in Sources */,
				0D476F2A28637E1500262974 /* ProductListViewModel.swift in Sources */,
				0D476F382863840A00262974 /* Reactive+UIViewController.swift in Sources */,
				0D476F122862C20200262974 /* extension+UITableView.swift in Sources */,
				0D476F5428643F3000262974 /* Jie.swift in Sources */,
				0D476F1928630E0600262974 /* ChartViewController.swift in Sources */,
				0D476F26286378A700262974 /* HistoryOrderCell.swift in Sources */,
				0D476F302863835800262974 /* ProductCoordinator.swift in Sources */,
			);
			runOnlyForDeploymentPostprocessing = 0;
		};
		0D476ECB286222E700262974 /* Sources */ = {
			isa = PBXSourcesBuildPhase;
			buildActionMask = 2147483647;
			files = (
				0D476F052862B9CC00262974 /* OrderTests.swift in Sources */,
				0D476F3E2864117700262974 /* MockCoordinator.swift in Sources */,
				0D476F5E2864570300262974 /* MockService.swift in Sources */,
				0D476F042862B9CC00262974 /* ShopItemTests.swift in Sources */,
				0D476F5C286456D900262974 /* ProductListUseCaseTests.swift in Sources */,
				0D476F3C286384A800262974 /* MockUseCase.swift in Sources */,
				0D476F3A2863845500262974 /* ProductListViewModelTests.swift in Sources */,
			);
			runOnlyForDeploymentPostprocessing = 0;
		};
		0D476ED5286222E700262974 /* Sources */ = {
			isa = PBXSourcesBuildPhase;
			buildActionMask = 2147483647;
			files = (
				0D476EE0286222E700262974 /* ShppingUITestsLaunchTests.swift in Sources */,
				0D476EDE286222E700262974 /* ShppingUITests.swift in Sources */,
			);
			runOnlyForDeploymentPostprocessing = 0;
		};
/* End PBXSourcesBuildPhase section */

/* Begin PBXTargetDependency section */
		0D476ED1286222E700262974 /* PBXTargetDependency */ = {
			isa = PBXTargetDependency;
			target = 0D476EB8286222E600262974 /* Shpping */;
			targetProxy = 0D476ED0286222E700262974 /* PBXContainerItemProxy */;
		};
		0D476EDB286222E700262974 /* PBXTargetDependency */ = {
			isa = PBXTargetDependency;
			target = 0D476EB8286222E600262974 /* Shpping */;
			targetProxy = 0D476EDA286222E700262974 /* PBXContainerItemProxy */;
		};
/* End PBXTargetDependency section */

/* Begin PBXVariantGroup section */
		0D476EC7286222E700262974 /* LaunchScreen.storyboard */ = {
			isa = PBXVariantGroup;
			children = (
				0D476EC8286222E700262974 /* Base */,
			);
			name = LaunchScreen.storyboard;
			sourceTree = "<group>";
		};
/* End PBXVariantGroup section */

/* Begin XCBuildConfiguration section */
		0D476EE1286222E700262974 /* Debug */ = {
			isa = XCBuildConfiguration;
			buildSettings = {
				ALWAYS_SEARCH_USER_PATHS = NO;
				CLANG_ANALYZER_NONNULL = YES;
				CLANG_ANALYZER_NUMBER_OBJECT_CONVERSION = YES_AGGRESSIVE;
				CLANG_CXX_LANGUAGE_STANDARD = "gnu++17";
				CLANG_CXX_LIBRARY = "libc++";
				CLANG_ENABLE_MODULES = YES;
				CLANG_ENABLE_OBJC_ARC = YES;
				CLANG_ENABLE_OBJC_WEAK = YES;
				CLANG_WARN_BLOCK_CAPTURE_AUTORELEASING = YES;
				CLANG_WARN_BOOL_CONVERSION = YES;
				CLANG_WARN_COMMA = YES;
				CLANG_WARN_CONSTANT_CONVERSION = YES;
				CLANG_WARN_DEPRECATED_OBJC_IMPLEMENTATIONS = YES;
				CLANG_WARN_DIRECT_OBJC_ISA_USAGE = YES_ERROR;
				CLANG_WARN_DOCUMENTATION_COMMENTS = YES;
				CLANG_WARN_EMPTY_BODY = YES;
				CLANG_WARN_ENUM_CONVERSION = YES;
				CLANG_WARN_INFINITE_RECURSION = YES;
				CLANG_WARN_INT_CONVERSION = YES;
				CLANG_WARN_NON_LITERAL_NULL_CONVERSION = YES;
				CLANG_WARN_OBJC_IMPLICIT_RETAIN_SELF = YES;
				CLANG_WARN_OBJC_LITERAL_CONVERSION = YES;
				CLANG_WARN_OBJC_ROOT_CLASS = YES_ERROR;
				CLANG_WARN_QUOTED_INCLUDE_IN_FRAMEWORK_HEADER = YES;
				CLANG_WARN_RANGE_LOOP_ANALYSIS = YES;
				CLANG_WARN_STRICT_PROTOTYPES = YES;
				CLANG_WARN_SUSPICIOUS_MOVE = YES;
				CLANG_WARN_UNGUARDED_AVAILABILITY = YES_AGGRESSIVE;
				CLANG_WARN_UNREACHABLE_CODE = YES;
				CLANG_WARN__DUPLICATE_METHOD_MATCH = YES;
				COPY_PHASE_STRIP = NO;
				DEBUG_INFORMATION_FORMAT = dwarf;
				ENABLE_STRICT_OBJC_MSGSEND = YES;
				ENABLE_TESTABILITY = YES;
				GCC_C_LANGUAGE_STANDARD = gnu11;
				GCC_DYNAMIC_NO_PIC = NO;
				GCC_NO_COMMON_BLOCKS = YES;
				GCC_OPTIMIZATION_LEVEL = 0;
				GCC_PREPROCESSOR_DEFINITIONS = (
					"DEBUG=1",
					"$(inherited)",
				);
				GCC_WARN_64_TO_32_BIT_CONVERSION = YES;
				GCC_WARN_ABOUT_RETURN_TYPE = YES_ERROR;
				GCC_WARN_UNDECLARED_SELECTOR = YES;
				GCC_WARN_UNINITIALIZED_AUTOS = YES_AGGRESSIVE;
				GCC_WARN_UNUSED_FUNCTION = YES;
				GCC_WARN_UNUSED_VARIABLE = YES;
				IPHONEOS_DEPLOYMENT_TARGET = 15.2;
				MTL_ENABLE_DEBUG_INFO = INCLUDE_SOURCE;
				MTL_FAST_MATH = YES;
				ONLY_ACTIVE_ARCH = YES;
				SDKROOT = iphoneos;
				SWIFT_ACTIVE_COMPILATION_CONDITIONS = DEBUG;
				SWIFT_OPTIMIZATION_LEVEL = "-Onone";
			};
			name = Debug;
		};
		0D476EE2286222E700262974 /* Release */ = {
			isa = XCBuildConfiguration;
			buildSettings = {
				ALWAYS_SEARCH_USER_PATHS = NO;
				CLANG_ANALYZER_NONNULL = YES;
				CLANG_ANALYZER_NUMBER_OBJECT_CONVERSION = YES_AGGRESSIVE;
				CLANG_CXX_LANGUAGE_STANDARD = "gnu++17";
				CLANG_CXX_LIBRARY = "libc++";
				CLANG_ENABLE_MODULES = YES;
				CLANG_ENABLE_OBJC_ARC = YES;
				CLANG_ENABLE_OBJC_WEAK = YES;
				CLANG_WARN_BLOCK_CAPTURE_AUTORELEASING = YES;
				CLANG_WARN_BOOL_CONVERSION = YES;
				CLANG_WARN_COMMA = YES;
				CLANG_WARN_CONSTANT_CONVERSION = YES;
				CLANG_WARN_DEPRECATED_OBJC_IMPLEMENTATIONS = YES;
				CLANG_WARN_DIRECT_OBJC_ISA_USAGE = YES_ERROR;
				CLANG_WARN_DOCUMENTATION_COMMENTS = YES;
				CLANG_WARN_EMPTY_BODY = YES;
				CLANG_WARN_ENUM_CONVERSION = YES;
				CLANG_WARN_INFINITE_RECURSION = YES;
				CLANG_WARN_INT_CONVERSION = YES;
				CLANG_WARN_NON_LITERAL_NULL_CONVERSION = YES;
				CLANG_WARN_OBJC_IMPLICIT_RETAIN_SELF = YES;
				CLANG_WARN_OBJC_LITERAL_CONVERSION = YES;
				CLANG_WARN_OBJC_ROOT_CLASS = YES_ERROR;
				CLANG_WARN_QUOTED_INCLUDE_IN_FRAMEWORK_HEADER = YES;
				CLANG_WARN_RANGE_LOOP_ANALYSIS = YES;
				CLANG_WARN_STRICT_PROTOTYPES = YES;
				CLANG_WARN_SUSPICIOUS_MOVE = YES;
				CLANG_WARN_UNGUARDED_AVAILABILITY = YES_AGGRESSIVE;
				CLANG_WARN_UNREACHABLE_CODE = YES;
				CLANG_WARN__DUPLICATE_METHOD_MATCH = YES;
				COPY_PHASE_STRIP = NO;
				DEBUG_INFORMATION_FORMAT = "dwarf-with-dsym";
				ENABLE_NS_ASSERTIONS = NO;
				ENABLE_STRICT_OBJC_MSGSEND = YES;
				GCC_C_LANGUAGE_STANDARD = gnu11;
				GCC_NO_COMMON_BLOCKS = YES;
				GCC_WARN_64_TO_32_BIT_CONVERSION = YES;
				GCC_WARN_ABOUT_RETURN_TYPE = YES_ERROR;
				GCC_WARN_UNDECLARED_SELECTOR = YES;
				GCC_WARN_UNINITIALIZED_AUTOS = YES_AGGRESSIVE;
				GCC_WARN_UNUSED_FUNCTION = YES;
				GCC_WARN_UNUSED_VARIABLE = YES;
				IPHONEOS_DEPLOYMENT_TARGET = 15.2;
				MTL_ENABLE_DEBUG_INFO = NO;
				MTL_FAST_MATH = YES;
				SDKROOT = iphoneos;
				SWIFT_COMPILATION_MODE = wholemodule;
				SWIFT_OPTIMIZATION_LEVEL = "-O";
				VALIDATE_PRODUCT = YES;
			};
			name = Release;
		};
		0D476EE4286222E700262974 /* Debug */ = {
			isa = XCBuildConfiguration;
			baseConfigurationReference = 167C8FD660DEC57BD2A9E826 /* Pods-Shpping.debug.xcconfig */;
			buildSettings = {
				ASSETCATALOG_COMPILER_APPICON_NAME = AppIcon;
				ASSETCATALOG_COMPILER_GLOBAL_ACCENT_COLOR_NAME = AccentColor;
				CODE_SIGN_STYLE = Automatic;
				CURRENT_PROJECT_VERSION = 1;
				DEVELOPMENT_TEAM = GVHFFWK64F;
				GENERATE_INFOPLIST_FILE = YES;
				INFOPLIST_FILE = Shpping/Info.plist;
				INFOPLIST_KEY_UIApplicationSupportsIndirectInputEvents = YES;
				INFOPLIST_KEY_UILaunchStoryboardName = LaunchScreen;
				INFOPLIST_KEY_UISupportedInterfaceOrientations = "UIInterfaceOrientationPortrait UIInterfaceOrientationLandscapeLeft UIInterfaceOrientationLandscapeRight";
				INFOPLIST_KEY_UISupportedInterfaceOrientations_iPad = "UIInterfaceOrientationPortrait UIInterfaceOrientationPortraitUpsideDown UIInterfaceOrientationLandscapeLeft UIInterfaceOrientationLandscapeRight";
				INFOPLIST_KEY_UISupportedInterfaceOrientations_iPhone = "UIInterfaceOrientationPortrait UIInterfaceOrientationLandscapeLeft UIInterfaceOrientationLandscapeRight";
				LD_RUNPATH_SEARCH_PATHS = (
					"$(inherited)",
					"@executable_path/Frameworks",
				);
				MARKETING_VERSION = 1.0;
				PRODUCT_BUNDLE_IDENTIFIER = com.jie.Shpping;
				PRODUCT_NAME = "$(TARGET_NAME)";
				SWIFT_EMIT_LOC_STRINGS = YES;
				SWIFT_VERSION = 5.0;
				TARGETED_DEVICE_FAMILY = 1;
			};
			name = Debug;
		};
		0D476EE5286222E700262974 /* Release */ = {
			isa = XCBuildConfiguration;
			baseConfigurationReference = 58F3595715F69147EB36DA8D /* Pods-Shpping.release.xcconfig */;
			buildSettings = {
				ASSETCATALOG_COMPILER_APPICON_NAME = AppIcon;
				ASSETCATALOG_COMPILER_GLOBAL_ACCENT_COLOR_NAME = AccentColor;
				CODE_SIGN_STYLE = Automatic;
				CURRENT_PROJECT_VERSION = 1;
				DEVELOPMENT_TEAM = GVHFFWK64F;
				GENERATE_INFOPLIST_FILE = YES;
				INFOPLIST_FILE = Shpping/Info.plist;
				INFOPLIST_KEY_UIApplicationSupportsIndirectInputEvents = YES;
				INFOPLIST_KEY_UILaunchStoryboardName = LaunchScreen;
				INFOPLIST_KEY_UISupportedInterfaceOrientations = "UIInterfaceOrientationPortrait UIInterfaceOrientationLandscapeLeft UIInterfaceOrientationLandscapeRight";
				INFOPLIST_KEY_UISupportedInterfaceOrientations_iPad = "UIInterfaceOrientationPortrait UIInterfaceOrientationPortraitUpsideDown UIInterfaceOrientationLandscapeLeft UIInterfaceOrientationLandscapeRight";
				INFOPLIST_KEY_UISupportedInterfaceOrientations_iPhone = "UIInterfaceOrientationPortrait UIInterfaceOrientationLandscapeLeft UIInterfaceOrientationLandscapeRight";
				LD_RUNPATH_SEARCH_PATHS = (
					"$(inherited)",
					"@executable_path/Frameworks",
				);
				MARKETING_VERSION = 1.0;
				PRODUCT_BUNDLE_IDENTIFIER = com.jie.Shpping;
				PRODUCT_NAME = "$(TARGET_NAME)";
				SWIFT_EMIT_LOC_STRINGS = YES;
				SWIFT_VERSION = 5.0;
				TARGETED_DEVICE_FAMILY = 1;
			};
			name = Release;
		};
		0D476EE7286222E700262974 /* Debug */ = {
			isa = XCBuildConfiguration;
			baseConfigurationReference = 72D47CD5EB359D92B8192C62 /* Pods-ShppingTests.debug.xcconfig */;
			buildSettings = {
				ALWAYS_EMBED_SWIFT_STANDARD_LIBRARIES = YES;
				BUNDLE_LOADER = "$(TEST_HOST)";
				CODE_SIGN_STYLE = Automatic;
				CURRENT_PROJECT_VERSION = 1;
				DEVELOPMENT_TEAM = GVHFFWK64F;
				GENERATE_INFOPLIST_FILE = YES;
				IPHONEOS_DEPLOYMENT_TARGET = 15.2;
				MARKETING_VERSION = 1.0;
				PRODUCT_BUNDLE_IDENTIFIER = com.jie.ShppingTests;
				PRODUCT_NAME = "$(TARGET_NAME)";
				SWIFT_EMIT_LOC_STRINGS = NO;
				SWIFT_VERSION = 5.0;
				TARGETED_DEVICE_FAMILY = "1,2";
				TEST_HOST = "$(BUILT_PRODUCTS_DIR)/Shpping.app/Shpping";
			};
			name = Debug;
		};
		0D476EE8286222E700262974 /* Release */ = {
			isa = XCBuildConfiguration;
			baseConfigurationReference = 789165CCDCF3D8182F556E82 /* Pods-ShppingTests.release.xcconfig */;
			buildSettings = {
				ALWAYS_EMBED_SWIFT_STANDARD_LIBRARIES = YES;
				BUNDLE_LOADER = "$(TEST_HOST)";
				CODE_SIGN_STYLE = Automatic;
				CURRENT_PROJECT_VERSION = 1;
				DEVELOPMENT_TEAM = GVHFFWK64F;
				GENERATE_INFOPLIST_FILE = YES;
				IPHONEOS_DEPLOYMENT_TARGET = 15.2;
				MARKETING_VERSION = 1.0;
				PRODUCT_BUNDLE_IDENTIFIER = com.jie.ShppingTests;
				PRODUCT_NAME = "$(TARGET_NAME)";
				SWIFT_EMIT_LOC_STRINGS = NO;
				SWIFT_VERSION = 5.0;
				TARGETED_DEVICE_FAMILY = "1,2";
				TEST_HOST = "$(BUILT_PRODUCTS_DIR)/Shpping.app/Shpping";
			};
			name = Release;
		};
		0D476EEA286222E700262974 /* Debug */ = {
			isa = XCBuildConfiguration;
			baseConfigurationReference = E487F4DCDE9090355C8217FF /* Pods-Shpping-ShppingUITests.debug.xcconfig */;
			buildSettings = {
				ALWAYS_EMBED_SWIFT_STANDARD_LIBRARIES = YES;
				CODE_SIGN_STYLE = Automatic;
				CURRENT_PROJECT_VERSION = 1;
				DEVELOPMENT_TEAM = GVHFFWK64F;
				GENERATE_INFOPLIST_FILE = YES;
				MARKETING_VERSION = 1.0;
				PRODUCT_BUNDLE_IDENTIFIER = com.jie.ShppingUITests;
				PRODUCT_NAME = "$(TARGET_NAME)";
				SWIFT_EMIT_LOC_STRINGS = NO;
				SWIFT_VERSION = 5.0;
				TARGETED_DEVICE_FAMILY = "1,2";
				TEST_TARGET_NAME = Shpping;
			};
			name = Debug;
		};
		0D476EEB286222E700262974 /* Release */ = {
			isa = XCBuildConfiguration;
			baseConfigurationReference = 80B4A74BC5B6F75349D57C97 /* Pods-Shpping-ShppingUITests.release.xcconfig */;
			buildSettings = {
				ALWAYS_EMBED_SWIFT_STANDARD_LIBRARIES = YES;
				CODE_SIGN_STYLE = Automatic;
				CURRENT_PROJECT_VERSION = 1;
				DEVELOPMENT_TEAM = GVHFFWK64F;
				GENERATE_INFOPLIST_FILE = YES;
				MARKETING_VERSION = 1.0;
				PRODUCT_BUNDLE_IDENTIFIER = com.jie.ShppingUITests;
				PRODUCT_NAME = "$(TARGET_NAME)";
				SWIFT_EMIT_LOC_STRINGS = NO;
				SWIFT_VERSION = 5.0;
				TARGETED_DEVICE_FAMILY = "1,2";
				TEST_TARGET_NAME = Shpping;
			};
			name = Release;
		};
/* End XCBuildConfiguration section */

/* Begin XCConfigurationList section */
		0D476EB4286222E600262974 /* Build configuration list for PBXProject "Shpping" */ = {
			isa = XCConfigurationList;
			buildConfigurations = (
				0D476EE1286222E700262974 /* Debug */,
				0D476EE2286222E700262974 /* Release */,
			);
			defaultConfigurationIsVisible = 0;
			defaultConfigurationName = Release;
		};
		0D476EE3286222E700262974 /* Build configuration list for PBXNativeTarget "Shpping" */ = {
			isa = XCConfigurationList;
			buildConfigurations = (
				0D476EE4286222E700262974 /* Debug */,
				0D476EE5286222E700262974 /* Release */,
			);
			defaultConfigurationIsVisible = 0;
			defaultConfigurationName = Release;
		};
		0D476EE6286222E700262974 /* Build configuration list for PBXNativeTarget "ShppingTests" */ = {
			isa = XCConfigurationList;
			buildConfigurations = (
				0D476EE7286222E700262974 /* Debug */,
				0D476EE8286222E700262974 /* Release */,
			);
			defaultConfigurationIsVisible = 0;
			defaultConfigurationName = Release;
		};
		0D476EE9286222E700262974 /* Build configuration list for PBXNativeTarget "ShppingUITests" */ = {
			isa = XCConfigurationList;
			buildConfigurations = (
				0D476EEA286222E700262974 /* Debug */,
				0D476EEB286222E700262974 /* Release */,
			);
			defaultConfigurationIsVisible = 0;
			defaultConfigurationName = Release;
		};
/* End XCConfigurationList section */
	};
	rootObject = 0D476EB1286222E600262974 /* Project object */;
}
